
Microsoft Visual Studio Solution File, Format Version 12.00
# Visual Studio Version 17
VisualStudioVersion = 17.0.31314.256
MinimumVisualStudioVersion = 10.0.40219.1
Project("{2150E333-8FDC-42A3-9474-1A3956D46DE8}") = "Engine", "Engine", "{233774A8-CC9D-3FA9-86D1-90573E92B704}"
EndProject
Project("{2150E333-8FDC-42A3-9474-1A3956D46DE8}") = "Games", "Games", "{DE1F8B53-6C02-3C13-9101-A7C8D96F3FF6}"
EndProject
Project("{8BC9CEB8-8B4A-11D0-8D11-00A0C91BC942}") = "UE5", "Intermediate\ProjectFiles\UE5.vcxproj", "{2E49FC70-E34D-36C3-8D38-B1A431BAB8CE}"
EndProject
Project("{8BC9CEB8-8B4A-11D0-8D11-00A0C91BC942}") = "PSTestStreamer", "Intermediate\ProjectFiles\PSTestStreamer.vcxproj", "{947861F4-24EB-3D8F-B18A-8CB469DC150E}"
EndProject
Project("{2150E333-8FDC-42A3-9474-1A3956D46DE8}") = "Visualizers", "Visualizers", "{1CCEC849-CC72-4C59-8C36-2F7C38706D4C}"
	ProjectSection(SolutionItems) = preProject
		D:\p4\Release-5.3\Engine\Extras\VisualStudioDebugging\Unreal.natvis = D:\p4\Release-5.3\Engine\Extras\VisualStudioDebugging\Unreal.natvis
		D:\p4\Release-5.3\Engine\Extras\VisualStudioDebugging\Unreal.natstepfilter = D:\p4\Release-5.3\Engine\Extras\VisualStudioDebugging\Unreal.natstepfilter
	EndProjectSection
EndProject
Global
	GlobalSection(SolutionConfigurationPlatforms) = preSolution
		Debug Client|Linux = Debug Client|Linux
		Debug Client|LinuxArm64 = Debug Client|LinuxArm64
		Debug Client|Win64 = Debug Client|Win64
		Debug Editor|Linux = Debug Editor|Linux
		Debug Editor|LinuxArm64 = Debug Editor|LinuxArm64
		Debug Editor|Win64 = Debug Editor|Win64
		Debug Server|Linux = Debug Server|Linux
		Debug Server|LinuxArm64 = Debug Server|LinuxArm64
		Debug Server|Win64 = Debug Server|Win64
		DebugGame Client|Linux = DebugGame Client|Linux
		DebugGame Client|LinuxArm64 = DebugGame Client|LinuxArm64
		DebugGame Client|Win64 = DebugGame Client|Win64
		DebugGame Editor|Linux = DebugGame Editor|Linux
		DebugGame Editor|LinuxArm64 = DebugGame Editor|LinuxArm64
		DebugGame Editor|Win64 = DebugGame Editor|Win64
		DebugGame Server|Linux = DebugGame Server|Linux
		DebugGame Server|LinuxArm64 = DebugGame Server|LinuxArm64
		DebugGame Server|Win64 = DebugGame Server|Win64
		DebugGame|Linux = DebugGame|Linux
		DebugGame|LinuxArm64 = DebugGame|LinuxArm64
		DebugGame|Win64 = DebugGame|Win64
		Debug|Linux = Debug|Linux
		Debug|LinuxArm64 = Debug|LinuxArm64
		Debug|Win64 = Debug|Win64
		Development Client|Linux = Development Client|Linux
		Development Client|LinuxArm64 = Development Client|LinuxArm64
		Development Client|Win64 = Development Client|Win64
		Development Editor|Linux = Development Editor|Linux
		Development Editor|LinuxArm64 = Development Editor|LinuxArm64
		Development Editor|Win64 = Development Editor|Win64
		Development Server|Linux = Development Server|Linux
		Development Server|LinuxArm64 = Development Server|LinuxArm64
		Development Server|Win64 = Development Server|Win64
		Development|Linux = Development|Linux
		Development|LinuxArm64 = Development|LinuxArm64
		Development|Win64 = Development|Win64
	EndGlobalSection
	# UnrealVS Section
	GlobalSection(ddbf523f-7eb6-4887-bd51-85a714ff87eb) = preSolution
		AvailablePlatforms=Win64;Linux;LinuxArm64
	EndGlobalSection
	GlobalSection(ProjectConfigurationPlatforms) = postSolution
		{2E49FC70-E34D-36C3-8D38-B1A431BAB8CE}.Debug Client|Linux.ActiveCfg = Linux_Debug_Client|Win64
		{2E49FC70-E34D-36C3-8D38-B1A431BAB8CE}.Debug Client|Linux.Build.0 = Linux_Debug_Client|Win64
		{2E49FC70-E34D-36C3-8D38-B1A431BAB8CE}.Debug Client|LinuxArm64.ActiveCfg = LinuxArm64_Debug_Client|Win64
		{2E49FC70-E34D-36C3-8D38-B1A431BAB8CE}.Debug Client|LinuxArm64.Build.0 = LinuxArm64_Debug_Client|Win64
		{2E49FC70-E34D-36C3-8D38-B1A431BAB8CE}.Debug Client|Win64.ActiveCfg = Debug_Client|x64
		{2E49FC70-E34D-36C3-8D38-B1A431BAB8CE}.Debug Client|Win64.Build.0 = Debug_Client|x64
		{2E49FC70-E34D-36C3-8D38-B1A431BAB8CE}.Debug Editor|Linux.ActiveCfg = Linux_Debug_Editor|Win64
		{2E49FC70-E34D-36C3-8D38-B1A431BAB8CE}.Debug Editor|Linux.Build.0 = Linux_Debug_Editor|Win64
		{2E49FC70-E34D-36C3-8D38-B1A431BAB8CE}.Debug Editor|LinuxArm64.ActiveCfg = Invalid|x64
		{2E49FC70-E34D-36C3-8D38-B1A431BAB8CE}.Debug Editor|Win64.ActiveCfg = Debug_Editor|x64
		{2E49FC70-E34D-36C3-8D38-B1A431BAB8CE}.Debug Editor|Win64.Build.0 = Debug_Editor|x64
		{2E49FC70-E34D-36C3-8D38-B1A431BAB8CE}.Debug Server|Linux.ActiveCfg = Linux_Debug_Server|Win64
		{2E49FC70-E34D-36C3-8D38-B1A431BAB8CE}.Debug Server|Linux.Build.0 = Linux_Debug_Server|Win64
		{2E49FC70-E34D-36C3-8D38-B1A431BAB8CE}.Debug Server|LinuxArm64.ActiveCfg = LinuxArm64_Debug_Server|Win64
		{2E49FC70-E34D-36C3-8D38-B1A431BAB8CE}.Debug Server|LinuxArm64.Build.0 = LinuxArm64_Debug_Server|Win64
		{2E49FC70-E34D-36C3-8D38-B1A431BAB8CE}.Debug Server|Win64.ActiveCfg = Debug_Server|x64
		{2E49FC70-E34D-36C3-8D38-B1A431BAB8CE}.Debug Server|Win64.Build.0 = Debug_Server|x64
		{2E49FC70-E34D-36C3-8D38-B1A431BAB8CE}.DebugGame Client|Linux.ActiveCfg = Linux_DebugGame_Client|Win64
		{2E49FC70-E34D-36C3-8D38-B1A431BAB8CE}.DebugGame Client|Linux.Build.0 = Linux_DebugGame_Client|Win64
		{2E49FC70-E34D-36C3-8D38-B1A431BAB8CE}.DebugGame Client|LinuxArm64.ActiveCfg = LinuxArm64_DebugGame_Client|Win64
		{2E49FC70-E34D-36C3-8D38-B1A431BAB8CE}.DebugGame Client|LinuxArm64.Build.0 = LinuxArm64_DebugGame_Client|Win64
		{2E49FC70-E34D-36C3-8D38-B1A431BAB8CE}.DebugGame Client|Win64.ActiveCfg = DebugGame_Client|x64
		{2E49FC70-E34D-36C3-8D38-B1A431BAB8CE}.DebugGame Client|Win64.Build.0 = DebugGame_Client|x64
		{2E49FC70-E34D-36C3-8D38-B1A431BAB8CE}.DebugGame Editor|Linux.ActiveCfg = Linux_DebugGame_Editor|Win64
		{2E49FC70-E34D-36C3-8D38-B1A431BAB8CE}.DebugGame Editor|Linux.Build.0 = Linux_DebugGame_Editor|Win64
		{2E49FC70-E34D-36C3-8D38-B1A431BAB8CE}.DebugGame Editor|LinuxArm64.ActiveCfg = Invalid|x64
		{2E49FC70-E34D-36C3-8D38-B1A431BAB8CE}.DebugGame Editor|Win64.ActiveCfg = DebugGame_Editor|x64
		{2E49FC70-E34D-36C3-8D38-B1A431BAB8CE}.DebugGame Editor|Win64.Build.0 = DebugGame_Editor|x64
		{2E49FC70-E34D-36C3-8D38-B1A431BAB8CE}.DebugGame Server|Linux.ActiveCfg = Linux_DebugGame_Server|Win64
		{2E49FC70-E34D-36C3-8D38-B1A431BAB8CE}.DebugGame Server|Linux.Build.0 = Linux_DebugGame_Server|Win64
		{2E49FC70-E34D-36C3-8D38-B1A431BAB8CE}.DebugGame Server|LinuxArm64.ActiveCfg = LinuxArm64_DebugGame_Server|Win64
		{2E49FC70-E34D-36C3-8D38-B1A431BAB8CE}.DebugGame Server|LinuxArm64.Build.0 = LinuxArm64_DebugGame_Server|Win64
		{2E49FC70-E34D-36C3-8D38-B1A431BAB8CE}.DebugGame Server|Win64.ActiveCfg = DebugGame_Server|x64
		{2E49FC70-E34D-36C3-8D38-B1A431BAB8CE}.DebugGame Server|Win64.Build.0 = DebugGame_Server|x64
		{2E49FC70-E34D-36C3-8D38-B1A431BAB8CE}.DebugGame|Linux.ActiveCfg = Linux_DebugGame|Win64
		{2E49FC70-E34D-36C3-8D38-B1A431BAB8CE}.DebugGame|Linux.Build.0 = Linux_DebugGame|Win64
		{2E49FC70-E34D-36C3-8D38-B1A431BAB8CE}.DebugGame|LinuxArm64.ActiveCfg = LinuxArm64_DebugGame|Win64
		{2E49FC70-E34D-36C3-8D38-B1A431BAB8CE}.DebugGame|LinuxArm64.Build.0 = LinuxArm64_DebugGame|Win64
		{2E49FC70-E34D-36C3-8D38-B1A431BAB8CE}.DebugGame|Win64.ActiveCfg = DebugGame|x64
		{2E49FC70-E34D-36C3-8D38-B1A431BAB8CE}.DebugGame|Win64.Build.0 = DebugGame|x64
		{2E49FC70-E34D-36C3-8D38-B1A431BAB8CE}.Debug|Linux.ActiveCfg = Linux_Debug|Win64
		{2E49FC70-E34D-36C3-8D38-B1A431BAB8CE}.Debug|Linux.Build.0 = Linux_Debug|Win64
		{2E49FC70-E34D-36C3-8D38-B1A431BAB8CE}.Debug|LinuxArm64.ActiveCfg = LinuxArm64_Debug|Win64
		{2E49FC70-E34D-36C3-8D38-B1A431BAB8CE}.Debug|LinuxArm64.Build.0 = LinuxArm64_Debug|Win64
		{2E49FC70-E34D-36C3-8D38-B1A431BAB8CE}.Debug|Win64.ActiveCfg = Debug|x64
		{2E49FC70-E34D-36C3-8D38-B1A431BAB8CE}.Debug|Win64.Build.0 = Debug|x64
		{2E49FC70-E34D-36C3-8D38-B1A431BAB8CE}.Development Client|Linux.ActiveCfg = Linux_Development_Client|Win64
		{2E49FC70-E34D-36C3-8D38-B1A431BAB8CE}.Development Client|Linux.Build.0 = Linux_Development_Client|Win64
		{2E49FC70-E34D-36C3-8D38-B1A431BAB8CE}.Development Client|LinuxArm64.ActiveCfg = LinuxArm64_Development_Client|Win64
		{2E49FC70-E34D-36C3-8D38-B1A431BAB8CE}.Development Client|LinuxArm64.Build.0 = LinuxArm64_Development_Client|Win64
		{2E49FC70-E34D-36C3-8D38-B1A431BAB8CE}.Development Client|Win64.ActiveCfg = Development_Client|x64
		{2E49FC70-E34D-36C3-8D38-B1A431BAB8CE}.Development Client|Win64.Build.0 = Development_Client|x64
		{2E49FC70-E34D-36C3-8D38-B1A431BAB8CE}.Development Editor|Linux.ActiveCfg = Linux_Development_Editor|Win64
		{2E49FC70-E34D-36C3-8D38-B1A431BAB8CE}.Development Editor|Linux.Build.0 = Linux_Development_Editor|Win64
		{2E49FC70-E34D-36C3-8D38-B1A431BAB8CE}.Development Editor|LinuxArm64.ActiveCfg = Invalid|x64
		{2E49FC70-E34D-36C3-8D38-B1A431BAB8CE}.Development Editor|Win64.ActiveCfg = Development_Editor|x64
		{2E49FC70-E34D-36C3-8D38-B1A431BAB8CE}.Development Editor|Win64.Build.0 = Development_Editor|x64
		{2E49FC70-E34D-36C3-8D38-B1A431BAB8CE}.Development Server|Linux.ActiveCfg = Linux_Development_Server|Win64
		{2E49FC70-E34D-36C3-8D38-B1A431BAB8CE}.Development Server|Linux.Build.0 = Linux_Development_Server|Win64
		{2E49FC70-E34D-36C3-8D38-B1A431BAB8CE}.Development Server|LinuxArm64.ActiveCfg = LinuxArm64_Development_Server|Win64
		{2E49FC70-E34D-36C3-8D38-B1A431BAB8CE}.Development Server|LinuxArm64.Build.0 = LinuxArm64_Development_Server|Win64
		{2E49FC70-E34D-36C3-8D38-B1A431BAB8CE}.Development Server|Win64.ActiveCfg = Development_Server|x64
		{2E49FC70-E34D-36C3-8D38-B1A431BAB8CE}.Development Server|Win64.Build.0 = Development_Server|x64
		{2E49FC70-E34D-36C3-8D38-B1A431BAB8CE}.Development|Linux.ActiveCfg = Linux_Development|Win64
		{2E49FC70-E34D-36C3-8D38-B1A431BAB8CE}.Development|Linux.Build.0 = Linux_Development|Win64
		{2E49FC70-E34D-36C3-8D38-B1A431BAB8CE}.Development|LinuxArm64.ActiveCfg = LinuxArm64_Development|Win64
		{2E49FC70-E34D-36C3-8D38-B1A431BAB8CE}.Development|LinuxArm64.Build.0 = LinuxArm64_Development|Win64
		{2E49FC70-E34D-36C3-8D38-B1A431BAB8CE}.Development|Win64.ActiveCfg = Development|x64
		{2E49FC70-E34D-36C3-8D38-B1A431BAB8CE}.Development|Win64.Build.0 = Development|x64
		{947861F4-24EB-3D8F-B18A-8CB469DC150E}.Debug Client|Linux.ActiveCfg = Invalid|x64
		{947861F4-24EB-3D8F-B18A-8CB469DC150E}.Debug Client|LinuxArm64.ActiveCfg = Invalid|x64
		{947861F4-24EB-3D8F-B18A-8CB469DC150E}.Debug Client|Win64.ActiveCfg = Invalid|x64
		{947861F4-24EB-3D8F-B18A-8CB469DC150E}.Debug Editor|Linux.ActiveCfg = Linux_Debug_Editor|Win64
		{947861F4-24EB-3D8F-B18A-8CB469DC150E}.Debug Editor|Linux.Build.0 = Linux_Debug_Editor|Win64
		{947861F4-24EB-3D8F-B18A-8CB469DC150E}.Debug Editor|LinuxArm64.ActiveCfg = Invalid|x64
		{947861F4-24EB-3D8F-B18A-8CB469DC150E}.Debug Editor|Win64.ActiveCfg = Debug_Editor|x64
		{947861F4-24EB-3D8F-B18A-8CB469DC150E}.Debug Editor|Win64.Build.0 = Debug_Editor|x64
		{947861F4-24EB-3D8F-B18A-8CB469DC150E}.Debug Server|Linux.ActiveCfg = Invalid|x64
		{947861F4-24EB-3D8F-B18A-8CB469DC150E}.Debug Server|LinuxArm64.ActiveCfg = Invalid|x64
		{947861F4-24EB-3D8F-B18A-8CB469DC150E}.Debug Server|Win64.ActiveCfg = Invalid|x64
		{947861F4-24EB-3D8F-B18A-8CB469DC150E}.DebugGame Client|Linux.ActiveCfg = Invalid|x64
		{947861F4-24EB-3D8F-B18A-8CB469DC150E}.DebugGame Client|LinuxArm64.ActiveCfg = Invalid|x64
		{947861F4-24EB-3D8F-B18A-8CB469DC150E}.DebugGame Client|Win64.ActiveCfg = Invalid|x64
		{947861F4-24EB-3D8F-B18A-8CB469DC150E}.DebugGame Editor|Linux.ActiveCfg = Linux_DebugGame_Editor|Win64
		{947861F4-24EB-3D8F-B18A-8CB469DC150E}.DebugGame Editor|Linux.Build.0 = Linux_DebugGame_Editor|Win64
		{947861F4-24EB-3D8F-B18A-8CB469DC150E}.DebugGame Editor|LinuxArm64.ActiveCfg = Invalid|x64
		{947861F4-24EB-3D8F-B18A-8CB469DC150E}.DebugGame Editor|Win64.ActiveCfg = DebugGame_Editor|x64
		{947861F4-24EB-3D8F-B18A-8CB469DC150E}.DebugGame Editor|Win64.Build.0 = DebugGame_Editor|x64
		{947861F4-24EB-3D8F-B18A-8CB469DC150E}.DebugGame Server|Linux.ActiveCfg = Invalid|x64
		{947861F4-24EB-3D8F-B18A-8CB469DC150E}.DebugGame Server|LinuxArm64.ActiveCfg = Invalid|x64
		{947861F4-24EB-3D8F-B18A-8CB469DC150E}.DebugGame Server|Win64.ActiveCfg = Invalid|x64
		{947861F4-24EB-3D8F-B18A-8CB469DC150E}.DebugGame|Linux.ActiveCfg = Linux_DebugGame|Win64
		{947861F4-24EB-3D8F-B18A-8CB469DC150E}.DebugGame|Linux.Build.0 = Linux_DebugGame|Win64
		{947861F4-24EB-3D8F-B18A-8CB469DC150E}.DebugGame|LinuxArm64.ActiveCfg = LinuxArm64_DebugGame|Win64
		{947861F4-24EB-3D8F-B18A-8CB469DC150E}.DebugGame|LinuxArm64.Build.0 = LinuxArm64_DebugGame|Win64
		{947861F4-24EB-3D8F-B18A-8CB469DC150E}.DebugGame|Win64.ActiveCfg = DebugGame|x64
		{947861F4-24EB-3D8F-B18A-8CB469DC150E}.DebugGame|Win64.Build.0 = DebugGame|x64
		{947861F4-24EB-3D8F-B18A-8CB469DC150E}.Debug|Linux.ActiveCfg = Linux_Debug|Win64
		{947861F4-24EB-3D8F-B18A-8CB469DC150E}.Debug|Linux.Build.0 = Linux_Debug|Win64
		{947861F4-24EB-3D8F-B18A-8CB469DC150E}.Debug|LinuxArm64.ActiveCfg = LinuxArm64_Debug|Win64
		{947861F4-24EB-3D8F-B18A-8CB469DC150E}.Debug|LinuxArm64.Build.0 = LinuxArm64_Debug|Win64
		{947861F4-24EB-3D8F-B18A-8CB469DC150E}.Debug|Win64.ActiveCfg = Debug|x64
		{947861F4-24EB-3D8F-B18A-8CB469DC150E}.Debug|Win64.Build.0 = Debug|x64
		{947861F4-24EB-3D8F-B18A-8CB469DC150E}.Development Client|Linux.ActiveCfg = Invalid|x64
		{947861F4-24EB-3D8F-B18A-8CB469DC150E}.Development Client|LinuxArm64.ActiveCfg = Invalid|x64
		{947861F4-24EB-3D8F-B18A-8CB469DC150E}.Development Client|Win64.ActiveCfg = Invalid|x64
		{947861F4-24EB-3D8F-B18A-8CB469DC150E}.Development Editor|Linux.ActiveCfg = Linux_Development_Editor|Win64
		{947861F4-24EB-3D8F-B18A-8CB469DC150E}.Development Editor|Linux.Build.0 = Linux_Development_Editor|Win64
		{947861F4-24EB-3D8F-B18A-8CB469DC150E}.Development Editor|LinuxArm64.ActiveCfg = Invalid|x64
		{947861F4-24EB-3D8F-B18A-8CB469DC150E}.Development Editor|Win64.ActiveCfg = Development_Editor|x64
		{947861F4-24EB-3D8F-B18A-8CB469DC150E}.Development Editor|Win64.Build.0 = Development_Editor|x64
		{947861F4-24EB-3D8F-B18A-8CB469DC150E}.Development Server|Linux.ActiveCfg = Invalid|x64
		{947861F4-24EB-3D8F-B18A-8CB469DC150E}.Development Server|LinuxArm64.ActiveCfg = Invalid|x64
		{947861F4-24EB-3D8F-B18A-8CB469DC150E}.Development Server|Win64.ActiveCfg = Invalid|x64
		{947861F4-24EB-3D8F-B18A-8CB469DC150E}.Development|Linux.ActiveCfg = Linux_Development|Win64
		{947861F4-24EB-3D8F-B18A-8CB469DC150E}.Development|Linux.Build.0 = Linux_Development|Win64
		{947861F4-24EB-3D8F-B18A-8CB469DC150E}.Development|LinuxArm64.ActiveCfg = LinuxArm64_Development|Win64
		{947861F4-24EB-3D8F-B18A-8CB469DC150E}.Development|LinuxArm64.Build.0 = LinuxArm64_Development|Win64
		{947861F4-24EB-3D8F-B18A-8CB469DC150E}.Development|Win64.ActiveCfg = Development|x64
		{947861F4-24EB-3D8F-B18A-8CB469DC150E}.Development|Win64.Build.0 = Development|x64
	EndGlobalSection
	GlobalSection(SolutionProperties) = preSolution
		HideSolutionNode = FALSE
	EndGlobalSection
	GlobalSection(NestedProjects) = preSolution
		{2E49FC70-E34D-36C3-8D38-B1A431BAB8CE} = {233774A8-CC9D-3FA9-86D1-90573E92B704}
		{947861F4-24EB-3D8F-B18A-8CB469DC150E} = {DE1F8B53-6C02-3C13-9101-A7C8D96F3FF6}
	EndGlobalSection
EndGlobal
